
Microsoft Visual Studio Solution File, Format Version 12.00
# Visual Studio Version 17
VisualStudioVersion = 17.0.31903.59
MinimumVisualStudioVersion = 10.0.40219.1
Project("{FAE04EC0-301F-11D3-BF4B-00C04F79EFBC}") = "AuraLang", "AuraLang\AuraLang.csproj", "{F6B008C7-F4AE-42F0-92DA-482A0C31F0C6}"
EndProject
Project("{FAE04EC0-301F-11D3-BF4B-00C04F79EFBC}") = "AuraLang.Test", "AuraLang.Test\AuraLang.Test.csproj", "{C57AFB7D-0BC2-4F15-B005-AEA17C048D78}"
EndProject
Project("{FAE04EC0-301F-11D3-BF4B-00C04F79EFBC}") = "AuraLang.Cli", "AuraLang.Cli\AuraLang.Cli.csproj", "{3B1542D0-148E-412C-BB25-B797AB0860A2}"
EndProject
Global
	GlobalSection(SolutionConfigurationPlatforms) = preSolution
		Debug|Any CPU = Debug|Any CPU
		Release|Any CPU = Release|Any CPU
	EndGlobalSection
	GlobalSection(SolutionProperties) = preSolution
		HideSolutionNode = FALSE
	EndGlobalSection
	GlobalSection(ProjectConfigurationPlatforms) = postSolution
		{F6B008C7-F4AE-42F0-92DA-482A0C31F0C6}.Debug|Any CPU.ActiveCfg = Debug|Any CPU
		{F6B008C7-F4AE-42F0-92DA-482A0C31F0C6}.Debug|Any CPU.Build.0 = Debug|Any CPU
		{F6B008C7-F4AE-42F0-92DA-482A0C31F0C6}.Release|Any CPU.ActiveCfg = Release|Any CPU
		{F6B008C7-F4AE-42F0-92DA-482A0C31F0C6}.Release|Any CPU.Build.0 = Release|Any CPU
		{C57AFB7D-0BC2-4F15-B005-AEA17C048D78}.Debug|Any CPU.ActiveCfg = Debug|Any CPU
		{C57AFB7D-0BC2-4F15-B005-AEA17C048D78}.Debug|Any CPU.Build.0 = Debug|Any CPU
		{C57AFB7D-0BC2-4F15-B005-AEA17C048D78}.Release|Any CPU.ActiveCfg = Release|Any CPU
		{C57AFB7D-0BC2-4F15-B005-AEA17C048D78}.Release|Any CPU.Build.0 = Release|Any CPU
		{3B1542D0-148E-412C-BB25-B797AB0860A2}.Debug|Any CPU.ActiveCfg = Debug|Any CPU
		{3B1542D0-148E-412C-BB25-B797AB0860A2}.Debug|Any CPU.Build.0 = Debug|Any CPU
		{3B1542D0-148E-412C-BB25-B797AB0860A2}.Release|Any CPU.ActiveCfg = Release|Any CPU
		{3B1542D0-148E-412C-BB25-B797AB0860A2}.Release|Any CPU.Build.0 = Release|Any CPU
	EndGlobalSection
EndGlobal
